# THIS IS AN AUTOGENERATED FILE. DO NOT EDIT THIS FILE DIRECTLY.
# yarn lockfile v1


"@cronvel/get-pixels@^3.3.1":
  version "3.3.1"
  resolved "https://registry.yarnpkg.com/@cronvel/get-pixels/-/get-pixels-3.3.1.tgz#cd8bfd7d9985fb282aa8ad765137454ecfacafbe"
  dependencies:
    jpeg-js "^0.1.1"
    ndarray "^1.0.13"
    ndarray-pack "^1.1.1"
    node-bitmap "0.0.1"
    omggif "^1.0.5"
    pngjs "^2.0.0"

"@types/node@^10.3.5":
  version "10.12.18"
  resolved "https://registry.yarnpkg.com/@types/node/-/node-10.12.18.tgz#1d3ca764718915584fcd9f6344621b7672665c67"

JSONStream@^1.3.1:
  version "1.3.5"
  resolved "https://registry.yarnpkg.com/JSONStream/-/JSONStream-1.3.5.tgz#3208c1f08d3a4d99261ab64f92302bc15e111ca0"
  dependencies:
    jsonparse "^1.2.0"
    through ">=2.2.7 <3"

abstract-random-access@^1.1.2:
  version "1.1.2"
  resolved "https://registry.yarnpkg.com/abstract-random-access/-/abstract-random-access-1.1.2.tgz#9a8eac8ff79866f3f9b4bb1443ca778f1598aeda"
  dependencies:
    inherits "^2.0.1"

anymatch@^1.3.0:
  version "1.3.2"
  resolved "https://registry.yarnpkg.com/anymatch/-/anymatch-1.3.2.tgz#553dcb8f91e3c889845dfdba34c77721b90b9d7a"
  dependencies:
    micromatch "^2.1.5"
    normalize-path "^2.0.0"

ap@~0.1.0:
  version "0.1.0"
  resolved "https://registry.yarnpkg.com/ap/-/ap-0.1.0.tgz#d8a3f26615379398a1b53ca6cc1a666a0fbfe150"

append-tree@^2.0.5, append-tree@^2.3.5:
  version "2.4.4"
  resolved "https://registry.yarnpkg.com/append-tree/-/append-tree-2.4.4.tgz#ca154f705440a5b5deb4d04d4d60dbb68254213c"
  dependencies:
    array-lru "^1.1.1"
    codecs "^1.2.0"
    from2 "^2.3.0"
    inherits "^2.0.3"
    mutexify "^1.1.0"
    process-nextick-args "^1.0.7"
    protocol-buffers-encodings "^1.1.0"
    varint "^5.0.0"

argv-tools@^0.1.1:
  version "0.1.1"
  resolved "https://registry.yarnpkg.com/argv-tools/-/argv-tools-0.1.1.tgz#588283f3393ada47141440b12981cd41bf6b7032"
  dependencies:
    array-back "^2.0.0"
    find-replace "^2.0.1"

arr-diff@^2.0.0:
  version "2.0.0"
  resolved "https://registry.yarnpkg.com/arr-diff/-/arr-diff-2.0.0.tgz#8f3b827f955a8bd669697e4a4256ac3ceae356cf"
  dependencies:
    arr-flatten "^1.0.1"

arr-flatten@^1.0.1:
  version "1.1.0"
  resolved "https://registry.yarnpkg.com/arr-flatten/-/arr-flatten-1.1.0.tgz#36048bbff4e7b47e136644316c99669ea5ae91f1"

array-back@^2.0.0:
  version "2.0.0"
  resolved "https://registry.yarnpkg.com/array-back/-/array-back-2.0.0.tgz#6877471d51ecc9c9bfa6136fb6c7d5fe69748022"
  dependencies:
    typical "^2.6.1"

array-flatten@^2.1.0:
  version "2.1.2"
  resolved "https://registry.yarnpkg.com/array-flatten/-/array-flatten-2.1.2.tgz#24ef80a28c1a893617e2149b0c6d0d788293b099"

array-lru@^1.1.0, array-lru@^1.1.1:
  version "1.1.1"
  resolved "https://registry.yarnpkg.com/array-lru/-/array-lru-1.1.1.tgz#0c7e1b4e022ae166ff1e8448c595f3181fcd3337"

array-unique@^0.2.1:
  version "0.2.1"
  resolved "https://registry.yarnpkg.com/array-unique/-/array-unique-0.2.1.tgz#a1d97ccafcbc2625cc70fadceb36a50c58b01a53"

atomic-batcher@^1.0.2:
  version "1.0.2"
  resolved "https://registry.yarnpkg.com/atomic-batcher/-/atomic-batcher-1.0.2.tgz#d16901d10ccec59516c197b9ccd8930689b813b4"

bencode@^1.0.0:
  version "1.0.0"
  resolved "https://registry.yarnpkg.com/bencode/-/bencode-1.0.0.tgz#0b83aea885b3547b579ada0c6a5e7739fe4d073e"
  dependencies:
    safe-buffer "^5.1.1"

bencode@^2.0.0:
  version "2.0.0"
  resolved "https://registry.yarnpkg.com/bencode/-/bencode-2.0.0.tgz#e72e6b3691d824bd03ea7aa9d752cd1d49a50027"
  dependencies:
    safe-buffer "^5.1.1"

bitfield-rle@^2.2.1:
  version "2.2.1"
  resolved "https://registry.yarnpkg.com/bitfield-rle/-/bitfield-rle-2.2.1.tgz#07c910f7e650c005c46d18ee5ca6e62c4baf8310"
  dependencies:
    buffer-alloc-unsafe "^1.1.0"
    varint "^4.0.0"

bittorrent-dht@^7.10.0:
  version "7.10.0"
  resolved "https://registry.yarnpkg.com/bittorrent-dht/-/bittorrent-dht-7.10.0.tgz#c5d47ddb21b0003a4ce22b11202a505b350ac0ff"
  dependencies:
    bencode "^1.0.0"
    buffer-equals "^1.0.3"
    debug "^3.1.0"
    inherits "^2.0.1"
    k-bucket "^3.3.0"
    k-rpc "^4.2.1"
    lru "^3.1.0"
    randombytes "^2.0.5"
    safe-buffer "^5.0.1"
    simple-sha1 "^2.1.0"

blake2b-wasm@^1.1.0:
  version "1.1.7"
  resolved "https://registry.yarnpkg.com/blake2b-wasm/-/blake2b-wasm-1.1.7.tgz#e4d075da10068e5d4c3ec1fb9accc4d186c55d81"
  dependencies:
    nanoassert "^1.0.0"

blake2b@^2.1.1:
  version "2.1.3"
  resolved "https://registry.yarnpkg.com/blake2b/-/blake2b-2.1.3.tgz#f5388be424768e7c6327025dad0c3c6d83351bca"
  dependencies:
    blake2b-wasm "^1.1.0"
    nanoassert "^1.0.0"

body@~0.1.0:
  version "0.1.0"
  resolved "https://registry.yarnpkg.com/body/-/body-0.1.0.tgz#e714fe28cd8848aa34cdf2c9f242bbe2e15d1cd8"
  dependencies:
    content-types "~0.1.0"

bonjour@^3.5.0:
  version "3.5.0"
  resolved "https://registry.yarnpkg.com/bonjour/-/bonjour-3.5.0.tgz#8e890a183d8ee9a2393b3844c691a42bcf7bc9f5"
  dependencies:
    array-flatten "^2.1.0"
    deep-equal "^1.0.1"
    dns-equal "^1.0.0"
    dns-txt "^2.0.2"
    multicast-dns "^6.0.1"
    multicast-dns-service-types "^1.1.0"

braces@^1.8.2:
  version "1.8.5"
  resolved "https://registry.yarnpkg.com/braces/-/braces-1.8.5.tgz#ba77962e12dff969d6b76711e914b737857bf6a7"
  dependencies:
    expand-range "^1.8.1"
    preserve "^0.2.0"
    repeat-element "^1.1.2"

buffer-alloc-unsafe@^1.0.0, buffer-alloc-unsafe@^1.1.0:
  version "1.1.0"
  resolved "https://registry.yarnpkg.com/buffer-alloc-unsafe/-/buffer-alloc-unsafe-1.1.0.tgz#bd7dc26ae2972d0eda253be061dba992349c19f0"

buffer-alloc@^1.1.0:
  version "1.2.0"
  resolved "https://registry.yarnpkg.com/buffer-alloc/-/buffer-alloc-1.2.0.tgz#890dd90d923a873e08e10e5fd51a57e5b7cce0ec"
  dependencies:
    buffer-alloc-unsafe "^1.1.0"
    buffer-fill "^1.0.0"

buffer-equals@^1.0.3, buffer-equals@^1.0.4:
  version "1.0.4"
  resolved "https://registry.yarnpkg.com/buffer-equals/-/buffer-equals-1.0.4.tgz#0353b54fd07fd9564170671ae6f66b9cf10d27f5"

buffer-fill@^1.0.0:
  version "1.0.0"
  resolved "https://registry.yarnpkg.com/buffer-fill/-/buffer-fill-1.0.0.tgz#f8f78b76789888ef39f205cd637f68e702122b2c"

buffer-from@^1.0.0, buffer-from@^1.1.0:
  version "1.1.1"
  resolved "https://registry.yarnpkg.com/buffer-from/-/buffer-from-1.1.1.tgz#32713bc028f75c02fdb710d7c7bcec1f2c6070ef"

buffer-indexof@^1.0.0:
  version "1.1.1"
  resolved "https://registry.yarnpkg.com/buffer-indexof/-/buffer-indexof-1.1.1.tgz#52fabcc6a606d1a00302802648ef68f639da268c"

bulk-write-stream@^1.1.3:
  version "1.1.4"
  resolved "https://registry.yarnpkg.com/bulk-write-stream/-/bulk-write-stream-1.1.4.tgz#04b4bdaad61f5a813d8323547383020efffa7d7e"
  dependencies:
    buffer-from "^1.0.0"
    inherits "^2.0.1"
    readable-stream "^2.1.4"

call-me-maybe@^1.0.1:
  version "1.0.1"
  resolved "https://registry.yarnpkg.com/call-me-maybe/-/call-me-maybe-1.0.1.tgz#26d208ea89e37b5cbde60250a15f031c16a4d66b"

circular-append-file@^1.0.1:
  version "1.0.1"
  resolved "https://registry.yarnpkg.com/circular-append-file/-/circular-append-file-1.0.1.tgz#5d218c5b04556cd1d2eeee697691dddd206c514b"
  dependencies:
    multistream "^2.1.0"

clear@^0.1.0:
  version "0.1.0"
  resolved "https://registry.yarnpkg.com/clear/-/clear-0.1.0.tgz#b81b1e03437a716984fd7ac97c87d73bdfe7048a"

codecs@^1.2.0:
  version "1.2.1"
  resolved "https://registry.yarnpkg.com/codecs/-/codecs-1.2.1.tgz#10155c751578919883bd87e425db04af86a0188c"

command-line-args@^5.0.2:
  version "5.0.2"
  resolved "https://registry.yarnpkg.com/command-line-args/-/command-line-args-5.0.2.tgz#c4e56b016636af1323cf485aa25c3cb203dfbbe4"
  dependencies:
    argv-tools "^0.1.1"
    array-back "^2.0.0"
    find-replace "^2.0.1"
    lodash.camelcase "^4.3.0"
    typical "^2.6.1"

commander@^2.12.2, commander@^2.19.0:
  version "2.19.0"
  resolved "https://registry.yarnpkg.com/commander/-/commander-2.19.0.tgz#f6198aa84e5b83c46054b94ddedbfed5ee9ff12a"

concat-stream@^1.6.0:
  version "1.6.2"
  resolved "https://registry.yarnpkg.com/concat-stream/-/concat-stream-1.6.2.tgz#904bdf194cd3122fc675c77fc4ac3d4ff0fd1a34"
  dependencies:
    buffer-from "^1.0.0"
    inherits "^2.0.3"
    readable-stream "^2.2.2"
    typedarray "^0.0.6"

connections@^1.4.2:
  version "1.4.2"
  resolved "https://registry.yarnpkg.com/connections/-/connections-1.4.2.tgz#7890482bf5c71af6c5ca192be3136aed74428aad"

content-types@~0.1.0:
  version "0.1.0"
  resolved "https://registry.yarnpkg.com/content-types/-/content-types-0.1.0.tgz#0e790b3abfef90f6ecb77ae8585db9099caf7578"
  dependencies:
    iterators "~0.1.0"

core-util-is@~1.0.0:
  version "1.0.2"
  resolved "https://registry.yarnpkg.com/core-util-is/-/core-util-is-1.0.2.tgz#b5fd54220aa2bc5ab57aab7140c940754503c1a7"

corsify@^2.1.0:
  version "2.1.0"
  resolved "https://registry.yarnpkg.com/corsify/-/corsify-2.1.0.tgz#11a45bc47ab30c54d00bb869ea1802fbcd9a09d0"
  dependencies:
    http-methods "~0.1.0"

count-trailing-zeros@^1.0.1:
  version "1.0.1"
  resolved "https://registry.yarnpkg.com/count-trailing-zeros/-/count-trailing-zeros-1.0.1.tgz#aba6c5833be410d45b1eca3e6d583844ce682c77"

cwise-compiler@^1.1.2:
  version "1.1.3"
  resolved "https://registry.yarnpkg.com/cwise-compiler/-/cwise-compiler-1.1.3.tgz#f4d667410e850d3a313a7d2db7b1e505bb034cc5"
  dependencies:
    uniq "^1.0.0"

dat-dns@^3.0.2:
  version "3.0.2"
  resolved "https://registry.yarnpkg.com/dat-dns/-/dat-dns-3.0.2.tgz#b15608dc16fd7b7b5fd4e53b2f495a6bd00f5481"
  dependencies:
    call-me-maybe "^1.0.1"
    concat-stream "^1.6.0"
    debug "^2.6.1"

dat-encoding@^5.0.1:
  version "5.0.1"
  resolved "https://registry.yarnpkg.com/dat-encoding/-/dat-encoding-5.0.1.tgz#8d835c67bc3a0df831fc10eaee2e2a1ffe6a4871"
  dependencies:
    safe-buffer "^5.0.1"

dat-ignore@^2.1.1:
  version "2.1.1"
  resolved "https://registry.yarnpkg.com/dat-ignore/-/dat-ignore-2.1.1.tgz#63c7cb59fd1613cf4dad86e805666908a164c56e"
  dependencies:
    anymatch "^1.3.0"
    xtend "^4.0.1"

dat-link-resolve@^2.2.0:
  version "2.3.0"
  resolved "https://registry.yarnpkg.com/dat-link-resolve/-/dat-link-resolve-2.3.0.tgz#59cce66f4465a8c2eb3865a14411c6966bb5a61c"
  dependencies:
    dat-dns "^3.0.2"
    dat-encoding "^5.0.1"
    debug "^4.1.1"
    simple-get "^3.0.3"

dat-node@^3.5.14:
  version "3.5.14"
  resolved "https://registry.yarnpkg.com/dat-node/-/dat-node-3.5.14.tgz#c401eac677eb8d6ec017f2730931cc7c19841aa1"
  dependencies:
    dat-ignore "^2.1.1"
    dat-link-resolve "^2.2.0"
    dat-storage "^1.1.1"
    dat-swarm-defaults "^1.0.2"
    debug "^4.1.0"
    discovery-swarm "^5.1.2"
    hyperdrive "^9.14.2"
    hyperdrive-http "^4.3.3"
    hyperdrive-network-speed "^2.1.0"
    mirror-folder "^3.0.0"
    random-access-file "^2.0.1"
    random-access-memory "^3.1.1"
    sparse-bitfield "^3.0.3"
    speedometer "^1.1.0"
    stream-each "^1.2.3"
    untildify "^3.0.2"

dat-secret-storage@^4.0.0:
  version "4.0.1"
  resolved "https://registry.yarnpkg.com/dat-secret-storage/-/dat-secret-storage-4.0.1.tgz#b0ffe2e2628038ce18ccd2a86a79de830d535440"
  dependencies:
    os-homedir "^1.0.2"
    random-access-file "^2.0.1"

dat-storage@^1.1.1:
  version "1.1.1"
  resolved "https://registry.yarnpkg.com/dat-storage/-/dat-storage-1.1.1.tgz#40e2d1e989b64bb60d0a179f993e32bbb3cb19a0"
  dependencies:
    append-tree "^2.0.5"
    dat-secret-storage "^4.0.0"
    hyperdrive "^9.1.1"
    multi-random-access "^2.0.3"
    random-access-file "^2.0.1"

dat-swarm-defaults@^1.0.2:
  version "1.0.2"
  resolved "https://registry.yarnpkg.com/dat-swarm-defaults/-/dat-swarm-defaults-1.0.2.tgz#aa208f7d7d8450697ab2b07960c1b59c73e402b9"

debug@^2.6.1, debug@^2.6.9:
  version "2.6.9"
  resolved "https://registry.yarnpkg.com/debug/-/debug-2.6.9.tgz#5d128515df134ff327e90a4c93f4e077a536341f"
  dependencies:
    ms "2.0.0"

debug@^3.1.0:
  version "3.2.6"
  resolved "https://registry.yarnpkg.com/debug/-/debug-3.2.6.tgz#e83d17de16d8a7efb7717edbe5fb10135eee629b"
  dependencies:
    ms "^2.1.1"

debug@^4.1.0, debug@^4.1.1:
  version "4.1.1"
  resolved "https://registry.yarnpkg.com/debug/-/debug-4.1.1.tgz#3b72260255109c6b589cee050f1d516139664791"
  dependencies:
    ms "^2.1.1"

decompress-response@^3.3.0:
  version "3.3.0"
  resolved "https://registry.yarnpkg.com/decompress-response/-/decompress-response-3.3.0.tgz#80a4dd323748384bfa248083622aedec982adff3"
  dependencies:
    mimic-response "^1.0.0"

deep-equal@^1.0.1:
  version "1.0.1"
  resolved "https://registry.yarnpkg.com/deep-equal/-/deep-equal-1.0.1.tgz#f5d260292b660e084eff4cdbc9f08ad3247448b5"

directory-index-html@^2.1.0:
  version "2.1.0"
  resolved "https://registry.yarnpkg.com/directory-index-html/-/directory-index-html-2.1.0.tgz#4d5afc5187edba67ec6ab0e55f6422a0e2cb7338"

discovery-channel@^5.5.1:
  version "5.5.1"
  resolved "https://registry.yarnpkg.com/discovery-channel/-/discovery-channel-5.5.1.tgz#9af6fc7f8cecdff40dbe4f13a49463718d4cd676"
  dependencies:
    bittorrent-dht "^7.10.0"
    buffer-from "^1.0.0"
    debug "^2.6.9"
    dns-discovery "^6.0.1"
    pretty-hash "^1.0.1"
    thunky "^0.1.0"

discovery-swarm@^5.1.2:
  version "5.1.4"
  resolved "https://registry.yarnpkg.com/discovery-swarm/-/discovery-swarm-5.1.4.tgz#6a2731410dc327d40608e467a4e9b00c6cebd40b"
  dependencies:
    connections "^1.4.2"
    debug "^4.1.1"
    discovery-channel "^5.5.1"
    length-prefixed-message "^3.0.3"
    pump "^3.0.0"
    to-buffer "^1.0.1"
  optionalDependencies:
    utp-native "^1.7.2"

dns-discovery@^6.0.1:
  version "6.2.3"
  resolved "https://registry.yarnpkg.com/dns-discovery/-/dns-discovery-6.2.3.tgz#47d8bc0f639ed1f3c09897a133a96bc4106fda15"
  dependencies:
    circular-append-file "^1.0.1"
    debug "^2.6.9"
    dns-socket "^3.0.0"
    lru "^2.0.0"
    minimist "^1.2.0"
    multicast-dns "^7.1.1"
    network-address "^1.1.2"
    pump "^3.0.0"
    speedometer "^1.0.0"
    unordered-set "^1.1.0"

dns-equal@^1.0.0:
  version "1.0.0"
  resolved "https://registry.yarnpkg.com/dns-equal/-/dns-equal-1.0.0.tgz#b39e7f1da6eb0a75ba9c17324b34753c47e0654d"

dns-packet@^1.3.1:
  version "1.3.1"
  resolved "https://registry.yarnpkg.com/dns-packet/-/dns-packet-1.3.1.tgz#12aa426981075be500b910eedcd0b47dd7deda5a"
  dependencies:
    ip "^1.1.0"
    safe-buffer "^5.0.1"

dns-packet@^4.0.0, dns-packet@^4.1.0:
  version "4.2.0"
  resolved "https://registry.yarnpkg.com/dns-packet/-/dns-packet-4.2.0.tgz#3fd6f5ff5a4ec3194ed0b15312693ffe8776b343"
  dependencies:
    ip "^1.1.5"
    safe-buffer "^5.1.1"

dns-socket@^3.0.0:
  version "3.0.0"
  resolved "https://registry.yarnpkg.com/dns-socket/-/dns-socket-3.0.0.tgz#3418a3c6309656ebdb3eb0a941811a4fb0b828c5"
  dependencies:
    dns-packet "^4.1.0"

dns-txt@^2.0.2:
  version "2.0.2"
  resolved "https://registry.yarnpkg.com/dns-txt/-/dns-txt-2.0.2.tgz#b91d806f5d27188e4ab3e7d107d881a1cc4642b6"
  dependencies:
    buffer-indexof "^1.0.0"

duplexify@^3.5.0:
  version "3.6.1"
  resolved "https://registry.yarnpkg.com/duplexify/-/duplexify-3.6.1.tgz#b1a7a29c4abfd639585efaecce80d666b1e34125"
  dependencies:
    end-of-stream "^1.0.0"
    inherits "^2.0.1"
    readable-stream "^2.0.0"
    stream-shift "^1.0.0"

end-of-stream@^1.0.0, end-of-stream@^1.1.0:
  version "1.4.1"
  resolved "https://registry.yarnpkg.com/end-of-stream/-/end-of-stream-1.4.1.tgz#ed29634d19baba463b6ce6b80a37213eab71ec43"
  dependencies:
    once "^1.4.0"

es6-promise@^4.0.3:
  version "4.2.5"
  resolved "https://registry.yarnpkg.com/es6-promise/-/es6-promise-4.2.5.tgz#da6d0d5692efb461e082c14817fe2427d8f5d054"

es6-promisify@^5.0.0:
  version "5.0.0"
  resolved "https://registry.yarnpkg.com/es6-promisify/-/es6-promisify-5.0.0.tgz#5109d62f3e56ea967c4b63505aef08291c8a5203"
  dependencies:
    es6-promise "^4.0.3"

expand-brackets@^0.1.4:
  version "0.1.5"
  resolved "https://registry.yarnpkg.com/expand-brackets/-/expand-brackets-0.1.5.tgz#df07284e342a807cd733ac5af72411e581d1177b"
  dependencies:
    is-posix-bracket "^0.1.0"

expand-range@^1.8.1:
  version "1.8.2"
  resolved "https://registry.yarnpkg.com/expand-range/-/expand-range-1.8.2.tgz#a299effd335fe2721ebae8e257ec79644fc85337"
  dependencies:
    fill-range "^2.1.0"

extglob@^0.3.1:
  version "0.3.2"
  resolved "https://registry.yarnpkg.com/extglob/-/extglob-0.3.2.tgz#2e18ff3d2f49ab2765cec9023f011daa8d8349a1"
  dependencies:
    is-extglob "^1.0.0"

eyes@^0.1.8:
  version "0.1.8"
  resolved "https://registry.yarnpkg.com/eyes/-/eyes-0.1.8.tgz#62cf120234c683785d902348a800ef3e0cc20bc0"

fast-bitfield@^1.2.2:
  version "1.2.2"
  resolved "https://registry.yarnpkg.com/fast-bitfield/-/fast-bitfield-1.2.2.tgz#7f08cdb46a6384b887a64127b56aa4d59bc8fa25"
  dependencies:
    count-trailing-zeros "^1.0.1"

fd-read-stream@^1.1.0:
  version "1.1.0"
  resolved "https://registry.yarnpkg.com/fd-read-stream/-/fd-read-stream-1.1.0.tgz#d303ccbfee02a9a56a3493fb08bcb59691aa53b1"
  dependencies:
    readable-stream "^2.2.6"

filename-regex@^2.0.0:
  version "2.0.1"
  resolved "https://registry.yarnpkg.com/filename-regex/-/filename-regex-2.0.1.tgz#c1c4b9bee3e09725ddb106b75c1e301fe2f18b26"

fill-range@^2.1.0:
  version "2.2.4"
  resolved "https://registry.yarnpkg.com/fill-range/-/fill-range-2.2.4.tgz#eb1e773abb056dcd8df2bfdf6af59b8b3a936565"
  dependencies:
    is-number "^2.1.0"
    isobject "^2.0.0"
    randomatic "^3.0.0"
    repeat-element "^1.1.2"
    repeat-string "^1.5.2"

find-replace@^2.0.1:
  version "2.0.1"
  resolved "https://registry.yarnpkg.com/find-replace/-/find-replace-2.0.1.tgz#6d9683a7ca20f8f9aabeabad07e4e2580f528550"
  dependencies:
    array-back "^2.0.0"
    test-value "^3.0.0"

flat-tree@^1.3.0, flat-tree@^1.6.0:
  version "1.6.0"
  resolved "https://registry.yarnpkg.com/flat-tree/-/flat-tree-1.6.0.tgz#fca30cddb9006fb656eb5ebc79aeb274e7fde9ed"

for-in@^1.0.1:
  version "1.0.2"
  resolved "https://registry.yarnpkg.com/for-in/-/for-in-1.0.2.tgz#81068d295a8142ec0ac726c6e2200c30fb6d5e80"

for-own@^0.1.4:
  version "0.1.5"
  resolved "https://registry.yarnpkg.com/for-own/-/for-own-0.1.5.tgz#5265c681a4f294dabbf17c9509b6763aa84510ce"
  dependencies:
    for-in "^1.0.1"

from2@^2.3.0:
  version "2.3.0"
  resolved "https://registry.yarnpkg.com/from2/-/from2-2.3.0.tgz#8bfb5502bde4a4d36cfdeea007fcca21d7e382af"
  dependencies:
    inherits "^2.0.1"
    readable-stream "^2.0.0"

glob-base@^0.3.0:
  version "0.3.0"
  resolved "https://registry.yarnpkg.com/glob-base/-/glob-base-0.3.0.tgz#dbb164f6221b1c0b1ccf82aea328b497df0ea3c4"
  dependencies:
    glob-parent "^2.0.0"
    is-glob "^2.0.0"

glob-parent@^2.0.0:
  version "2.0.0"
  resolved "https://registry.yarnpkg.com/glob-parent/-/glob-parent-2.0.0.tgz#81383d72db054fcccf5336daa902f182f6edbb28"
  dependencies:
    is-glob "^2.0.0"

http-methods@~0.1.0:
  version "0.1.0"
  resolved "https://registry.yarnpkg.com/http-methods/-/http-methods-0.1.0.tgz#29691b6fc58f4f7e81a3605dca82682b068e4430"
  dependencies:
    body "~0.1.0"
    content-types "~0.1.0"

hypercore-crypto@^1.0.0:
  version "1.0.0"
  resolved "https://registry.yarnpkg.com/hypercore-crypto/-/hypercore-crypto-1.0.0.tgz#90dfd2c77364483d24af204b9a99136cb6320de6"
  dependencies:
    buffer-alloc-unsafe "^1.1.0"
    buffer-from "^1.1.0"
    sodium-universal "^2.0.0"
    uint64be "^2.0.2"

hypercore-protocol@^6.4.1:
  version "6.9.0"
  resolved "https://registry.yarnpkg.com/hypercore-protocol/-/hypercore-protocol-6.9.0.tgz#8ebf2b0abf191da634919a7ea7599cba96ab292f"
  dependencies:
    buffer-alloc-unsafe "^1.0.0"
    buffer-from "^1.0.0"
    inherits "^2.0.3"
    protocol-buffers-encodings "^1.1.0"
    readable-stream "^2.2.6"
    sodium-universal "^2.0.0"
    sorted-indexof "^1.0.0"
    varint "^5.0.0"

hypercore@^6.22.1:
  version "6.22.4"
  resolved "https://registry.yarnpkg.com/hypercore/-/hypercore-6.22.4.tgz#dd103857c792657732d92203223d17e1833f5065"
  dependencies:
    array-lru "^1.1.0"
    atomic-batcher "^1.0.2"
    bitfield-rle "^2.2.1"
    buffer-alloc-unsafe "^1.0.0"
    buffer-equals "^1.0.4"
    buffer-from "^1.0.0"
    bulk-write-stream "^1.1.3"
    codecs "^1.2.0"
    fast-bitfield "^1.2.2"
    flat-tree "^1.6.0"
    from2 "^2.3.0"
    hypercore-crypto "^1.0.0"
    hypercore-protocol "^6.4.1"
    inherits "^2.0.3"
    inspect-custom-symbol "^1.1.0"
    last-one-wins "^1.0.4"
    memory-pager "^1.0.2"
    merkle-tree-stream "^3.0.3"
    pretty-hash "^1.0.1"
    process-nextick-args "^1.0.7"
    random-access-file "^2.0.1"
    sodium-universal "^2.0.0"
    sparse-bitfield "^3.0.0"
    thunky "^1.0.1"
    uint64be "^2.0.1"
    unordered-array-remove "^1.0.2"
    unordered-set "^2.0.0"

hyperdrive-http@^4.3.3:
  version "4.3.4"
  resolved "https://registry.yarnpkg.com/hyperdrive-http/-/hyperdrive-http-4.3.4.tgz#a3f5a041fe5af3c0aa3e80ca7f5fbc03a0665a21"
  dependencies:
    corsify "^2.1.0"
    directory-index-html "^2.1.0"
    mime "^2.3.1"
    pump "^3.0.0"
    range-parser "^1.2.0"

hyperdrive-network-speed@^2.1.0:
  version "2.1.0"
  resolved "https://registry.yarnpkg.com/hyperdrive-network-speed/-/hyperdrive-network-speed-2.1.0.tgz#e2e69d1318ec6c00605f390036584b6065330499"
  dependencies:
    debug "^3.1.0"
    speedometer "^1.0.0"

hyperdrive@^9.1.1, hyperdrive@^9.14.2:
  version "9.14.2"
  resolved "https://registry.yarnpkg.com/hyperdrive/-/hyperdrive-9.14.2.tgz#dfb63159045ee493665fcc4172b25b7448e763fe"
  dependencies:
    append-tree "^2.3.5"
    duplexify "^3.5.0"
    from2 "^2.3.0"
    hypercore "^6.22.1"
    inherits "^2.0.3"
    mutexify "^1.1.0"
    protocol-buffers-encodings "^1.1.0"
    random-access-file "^2.0.1"
    sodium-universal "^2.0.0"
    stream-collector "^1.0.1"
    stream-each "^1.2.0"
    thunky "^1.0.2"
    uint64be "^2.0.1"
    unixify "^1.0.0"

inherits@^2.0.1, inherits@^2.0.3, inherits@~2.0.3:
  version "2.0.3"
  resolved "https://registry.yarnpkg.com/inherits/-/inherits-2.0.3.tgz#633c2c83e3da42a502f52466022480f4208261de"

ini@^1.3.5:
  version "1.3.5"
  resolved "https://registry.yarnpkg.com/ini/-/ini-1.3.5.tgz#eee25f56db1c9ec6085e0c22778083f596abf927"

inspect-custom-symbol@^1.1.0:
  version "1.1.0"
  resolved "https://registry.yarnpkg.com/inspect-custom-symbol/-/inspect-custom-symbol-1.1.0.tgz#21d7d5cc9b183e6bacfb89566ae3496b57f5bf1a"

iota-array@^1.0.0:
  version "1.0.0"
  resolved "https://registry.yarnpkg.com/iota-array/-/iota-array-1.0.0.tgz#81ef57fe5d05814cd58c2483632a99c30a0e8087"

ip@^1.1.0, ip@^1.1.5:
  version "1.1.5"
  resolved "https://registry.yarnpkg.com/ip/-/ip-1.1.5.tgz#bdded70114290828c0a039e72ef25f5aaec4354a"

is-buffer@^1.0.2, is-buffer@^1.1.5:
  version "1.1.6"
  resolved "https://registry.yarnpkg.com/is-buffer/-/is-buffer-1.1.6.tgz#efaa2ea9daa0d7ab2ea13a97b2b8ad51fefbe8be"

is-dotfile@^1.0.0:
  version "1.0.3"
  resolved "https://registry.yarnpkg.com/is-dotfile/-/is-dotfile-1.0.3.tgz#a6a2f32ffd2dfb04f5ca25ecd0f6b83cf798a1e1"

is-equal-shallow@^0.1.3:
  version "0.1.3"
  resolved "https://registry.yarnpkg.com/is-equal-shallow/-/is-equal-shallow-0.1.3.tgz#2238098fc221de0bcfa5d9eac4c45d638aa1c534"
  dependencies:
    is-primitive "^2.0.0"

is-extendable@^0.1.1:
  version "0.1.1"
  resolved "https://registry.yarnpkg.com/is-extendable/-/is-extendable-0.1.1.tgz#62b110e289a471418e3ec36a617d472e301dfc89"

is-extglob@^1.0.0:
  version "1.0.0"
  resolved "https://registry.yarnpkg.com/is-extglob/-/is-extglob-1.0.0.tgz#ac468177c4943405a092fc8f29760c6ffc6206c0"

is-glob@^2.0.0, is-glob@^2.0.1:
  version "2.0.1"
  resolved "https://registry.yarnpkg.com/is-glob/-/is-glob-2.0.1.tgz#d096f926a3ded5600f3fdfd91198cb0888c2d863"
  dependencies:
    is-extglob "^1.0.0"

is-number@^2.1.0:
  version "2.1.0"
  resolved "https://registry.yarnpkg.com/is-number/-/is-number-2.1.0.tgz#01fcbbb393463a548f2f466cce16dece49db908f"
  dependencies:
    kind-of "^3.0.2"

is-number@^4.0.0:
  version "4.0.0"
  resolved "https://registry.yarnpkg.com/is-number/-/is-number-4.0.0.tgz#0026e37f5454d73e356dfe6564699867c6a7f0ff"

is-options@^1.0.1:
  version "1.0.1"
  resolved "https://registry.yarnpkg.com/is-options/-/is-options-1.0.1.tgz#25b13036030fafca858918124c24048f788be04f"

is-posix-bracket@^0.1.0:
  version "0.1.1"
  resolved "https://registry.yarnpkg.com/is-posix-bracket/-/is-posix-bracket-0.1.1.tgz#3334dc79774368e92f016e6fbc0a88f5cd6e6bc4"

is-primitive@^2.0.0:
  version "2.0.0"
  resolved "https://registry.yarnpkg.com/is-primitive/-/is-primitive-2.0.0.tgz#207bab91638499c07b2adf240a41a87210034575"

isarray@1.0.0, isarray@~1.0.0:
  version "1.0.0"
  resolved "https://registry.yarnpkg.com/isarray/-/isarray-1.0.0.tgz#bb935d48582cba168c06834957a54a3e07124f11"

isobject@^2.0.0:
  version "2.1.0"
  resolved "https://registry.yarnpkg.com/isobject/-/isobject-2.1.0.tgz#f065561096a3f1da2ef46272f815c840d87e0c89"
  dependencies:
    isarray "1.0.0"

iterators@~0.1.0:
  version "0.1.0"
  resolved "https://registry.yarnpkg.com/iterators/-/iterators-0.1.0.tgz#d03f666ca4e6130138565997cacea54164203156"
  dependencies:
    ap "~0.1.0"

jayson@^2.1.1:
  version "2.1.1"
  resolved "https://registry.yarnpkg.com/jayson/-/jayson-2.1.1.tgz#2cefed8c014f7d5b73e97cb3cfc8e0e6b02eeb35"
  dependencies:
    "@types/node" "^10.3.5"
    JSONStream "^1.3.1"
    commander "^2.12.2"
    es6-promisify "^5.0.0"
    eyes "^0.1.8"
    json-stringify-safe "^5.0.1"
    lodash "^4.17.10"
    uuid "^3.2.1"

jpeg-js@^0.1.1:
  version "0.1.2"
  resolved "https://registry.yarnpkg.com/jpeg-js/-/jpeg-js-0.1.2.tgz#135b992c0575c985cfa0f494a3227ed238583ece"

json-stringify-safe@^5.0.1:
  version "5.0.1"
  resolved "https://registry.yarnpkg.com/json-stringify-safe/-/json-stringify-safe-5.0.1.tgz#1296a2d58fd45f19a0f6ce01d65701e2c735b6eb"

jsonparse@^1.2.0:
  version "1.3.1"
  resolved "https://registry.yarnpkg.com/jsonparse/-/jsonparse-1.3.1.tgz#3f4dae4a91fac315f71062f8521cc239f1366280"

k-bucket@^3.3.0:
  version "3.3.1"
  resolved "https://registry.yarnpkg.com/k-bucket/-/k-bucket-3.3.1.tgz#de219f00b310ca17fdd7e2790a077d78b70d92c8"
  dependencies:
    buffer-equals "^1.0.3"
    inherits "^2.0.1"
    randombytes "^2.0.3"

k-bucket@^4.0.0:
  version "4.0.1"
  resolved "https://registry.yarnpkg.com/k-bucket/-/k-bucket-4.0.1.tgz#3fc2e5693f0b7bff90d7b6b476edd6087955d542"
  dependencies:
    inherits "^2.0.1"
    randombytes "^2.0.3"

k-rpc-socket@^1.7.2:
  version "1.8.0"
  resolved "https://registry.yarnpkg.com/k-rpc-socket/-/k-rpc-socket-1.8.0.tgz#9a4dd6a4f3795ed847ffa156579cc389990bd1f2"
  dependencies:
    bencode "^2.0.0"
    buffer-equals "^1.0.4"
    safe-buffer "^5.1.1"

k-rpc@^4.2.1:
  version "4.3.1"
  resolved "https://registry.yarnpkg.com/k-rpc/-/k-rpc-4.3.1.tgz#e2b86376c773d5919b4d3c02b9aae435fee7b318"
  dependencies:
    buffer-equals "^1.0.3"
    k-bucket "^4.0.0"
    k-rpc-socket "^1.7.2"
    randombytes "^2.0.5"
    safe-buffer "^5.1.1"

kind-of@^3.0.2:
  version "3.2.2"
  resolved "https://registry.yarnpkg.com/kind-of/-/kind-of-3.2.2.tgz#31ea21a734bab9bbb0f32466d893aea51e4a3c64"
  dependencies:
    is-buffer "^1.1.5"

kind-of@^6.0.0:
  version "6.0.2"
  resolved "https://registry.yarnpkg.com/kind-of/-/kind-of-6.0.2.tgz#01146b36a6218e64e58f3a8d66de5d7fc6f6d051"

last-one-wins@^1.0.4:
  version "1.0.4"
  resolved "https://registry.yarnpkg.com/last-one-wins/-/last-one-wins-1.0.4.tgz#c1bfd0cbcb46790ec9156b8d1aee8fcb86cda22a"

lazyness@^1.1.1:
  version "1.1.1"
  resolved "https://registry.yarnpkg.com/lazyness/-/lazyness-1.1.1.tgz#d5a7b63a217254bcd559f9b17753c92b70a84d81"

length-prefixed-message@^3.0.3:
  version "3.0.3"
  resolved "https://registry.yarnpkg.com/length-prefixed-message/-/length-prefixed-message-3.0.3.tgz#245474d69abc0614dca368dc35aa8074982a23ac"
  dependencies:
    varint "^3.0.1"

lodash.camelcase@^4.3.0:
  version "4.3.0"
  resolved "https://registry.yarnpkg.com/lodash.camelcase/-/lodash.camelcase-4.3.0.tgz#b28aa6288a2b9fc651035c7711f65ab6190331a6"

lodash@^4.17.10:
  version "4.17.11"
  resolved "https://registry.yarnpkg.com/lodash/-/lodash-4.17.11.tgz#b39ea6229ef607ecd89e2c8df12536891cac9b8d"

lru@^2.0.0:
  version "2.0.1"
  resolved "https://registry.yarnpkg.com/lru/-/lru-2.0.1.tgz#f979871e162e3f5ca254be46844c53d4c5364544"
  dependencies:
    inherits "^2.0.1"

lru@^3.1.0:
  version "3.1.0"
  resolved "https://registry.yarnpkg.com/lru/-/lru-3.1.0.tgz#ea7fb8546d83733396a13091d76cfeb4c06837d5"
  dependencies:
    inherits "^2.0.1"

math-random@^1.0.1:
  version "1.0.4"
  resolved "https://registry.yarnpkg.com/math-random/-/math-random-1.0.4.tgz#5dd6943c938548267016d4e34f057583080c514c"

memory-pager@^1.0.2:
  version "1.5.0"
  resolved "https://registry.yarnpkg.com/memory-pager/-/memory-pager-1.5.0.tgz#d8751655d22d384682741c972f2c3d6dfa3e66b5"

merkle-tree-stream@^3.0.3:
  version "3.0.3"
  resolved "https://registry.yarnpkg.com/merkle-tree-stream/-/merkle-tree-stream-3.0.3.tgz#f8a064760d37e7978ad5f9f6d3c119a494f57081"
  dependencies:
    flat-tree "^1.3.0"
    readable-stream "^2.0.5"

micromatch@^2.1.5:
  version "2.3.11"
  resolved "https://registry.yarnpkg.com/micromatch/-/micromatch-2.3.11.tgz#86677c97d1720b363431d04d0d15293bd38c1565"
  dependencies:
    arr-diff "^2.0.0"
    array-unique "^0.2.1"
    braces "^1.8.2"
    expand-brackets "^0.1.4"
    extglob "^0.3.1"
    filename-regex "^2.0.0"
    is-extglob "^1.0.0"
    is-glob "^2.0.1"
    kind-of "^3.0.2"
    normalize-path "^2.0.1"
    object.omit "^2.0.0"
    parse-glob "^3.0.4"
    regex-cache "^0.4.2"

mime@^2.3.1:
  version "2.4.0"
  resolved "https://registry.yarnpkg.com/mime/-/mime-2.4.0.tgz#e051fd881358585f3279df333fe694da0bcffdd6"

mimic-response@^1.0.0:
  version "1.0.1"
  resolved "https://registry.yarnpkg.com/mimic-response/-/mimic-response-1.0.1.tgz#4923538878eef42063cb8a3e3b0798781487ab1b"

minimist@0.0.8:
  version "0.0.8"
  resolved "https://registry.yarnpkg.com/minimist/-/minimist-0.0.8.tgz#857fcabfc3397d2625b8228262e86aa7a011b05d"

minimist@^1.2.0:
  version "1.2.0"
  resolved "https://registry.yarnpkg.com/minimist/-/minimist-1.2.0.tgz#a35008b20f41383eec1fb914f4cd5df79a264284"

mirror-folder@^3.0.0:
  version "3.0.0"
  resolved "https://registry.yarnpkg.com/mirror-folder/-/mirror-folder-3.0.0.tgz#4846de151ccbada788d55e9be6bd7661cfbbee3c"
  dependencies:
    fd-read-stream "^1.1.0"
    recursive-watch "^1.1.1"

mkdirp@^0.5.1:
  version "0.5.1"
  resolved "https://registry.yarnpkg.com/mkdirp/-/mkdirp-0.5.1.tgz#30057438eac6cf7f8c4767f38648d6697d75c903"
  dependencies:
    minimist "0.0.8"

ms@2.0.0:
  version "2.0.0"
  resolved "https://registry.yarnpkg.com/ms/-/ms-2.0.0.tgz#5608aeadfc00be6c2901df5f9861788de0d597c8"

ms@^2.1.1:
  version "2.1.1"
  resolved "https://registry.yarnpkg.com/ms/-/ms-2.1.1.tgz#30a5864eb3ebb0a66f2ebe6d727af06a09d86e0a"

multi-random-access@^2.0.3:
  version "2.1.1"
  resolved "https://registry.yarnpkg.com/multi-random-access/-/multi-random-access-2.1.1.tgz#6462f1b204109ccc644601650110a828443d66e2"
  dependencies:
    abstract-random-access "^1.1.2"
    inherits "^2.0.1"
    sorted-array-functions "^1.0.0"

multicast-dns-service-types@^1.1.0:
  version "1.1.0"
  resolved "https://registry.yarnpkg.com/multicast-dns-service-types/-/multicast-dns-service-types-1.1.0.tgz#899f11d9686e5e05cb91b35d5f0e63b773cfc901"

multicast-dns@^6.0.1:
  version "6.2.3"
  resolved "https://registry.yarnpkg.com/multicast-dns/-/multicast-dns-6.2.3.tgz#a0ec7bd9055c4282f790c3c82f4e28db3b31b229"
  dependencies:
    dns-packet "^1.3.1"
    thunky "^1.0.2"

multicast-dns@^7.1.1:
  version "7.2.0"
  resolved "https://registry.yarnpkg.com/multicast-dns/-/multicast-dns-7.2.0.tgz#7aa49a7efba931a346011aa02e7d1c314a65ac77"
  dependencies:
    dns-packet "^4.0.0"
    thunky "^1.0.2"

multistream@^2.1.0:
  version "2.1.1"
  resolved "https://registry.yarnpkg.com/multistream/-/multistream-2.1.1.tgz#629d3a29bd76623489980d04519a2c365948148c"
  dependencies:
    inherits "^2.0.1"
    readable-stream "^2.0.5"

mutexify@^1.1.0:
  version "1.2.0"
  resolved "https://registry.yarnpkg.com/mutexify/-/mutexify-1.2.0.tgz#45597975a2b035f56dcf61ff15cc8d73c28e7639"

nan@^2.4.0, nan@^2.5.1:
  version "2.12.1"
  resolved "https://registry.yarnpkg.com/nan/-/nan-2.12.1.tgz#7b1aa193e9aa86057e3c7bbd0ac448e770925552"

nanoassert@^1.0.0:
  version "1.1.0"
  resolved "https://registry.yarnpkg.com/nanoassert/-/nanoassert-1.1.0.tgz#4f3152e09540fde28c76f44b19bbcd1d5a42478d"

ndarray-pack@^1.1.1:
  version "1.2.1"
  resolved "https://registry.yarnpkg.com/ndarray-pack/-/ndarray-pack-1.2.1.tgz#8caebeaaa24d5ecf70ff86020637977da8ee585a"
  dependencies:
    cwise-compiler "^1.1.2"
    ndarray "^1.0.13"

ndarray@^1.0.13, ndarray@^1.0.18:
  version "1.0.18"
  resolved "https://registry.yarnpkg.com/ndarray/-/ndarray-1.0.18.tgz#b60d3a73224ec555d0faa79711e502448fd3f793"
  dependencies:
    iota-array "^1.0.0"
    is-buffer "^1.0.2"

network-address@^1.1.2:
  version "1.1.2"
  resolved "https://registry.yarnpkg.com/network-address/-/network-address-1.1.2.tgz#4aa7bfd43f03f0b81c9702b13d6a858ddb326f3e"

nextgen-events@^1.1.0:
  version "1.1.0"
  resolved "https://registry.yarnpkg.com/nextgen-events/-/nextgen-events-1.1.0.tgz#a37dd6244eb222745c57a8fcc596fd78ef429a46"

node-bitmap@0.0.1:
  version "0.0.1"
  resolved "https://registry.yarnpkg.com/node-bitmap/-/node-bitmap-0.0.1.tgz#180eac7003e0c707618ef31368f62f84b2a69091"

node-gyp-build@^3.0.0:
  version "3.7.0"
  resolved "https://registry.yarnpkg.com/node-gyp-build/-/node-gyp-build-3.7.0.tgz#daa77a4f547b9aed3e2aac779eaf151afd60ec8d"

normalize-path@^2.0.0, normalize-path@^2.0.1, normalize-path@^2.1.1:
  version "2.1.1"
  resolved "https://registry.yarnpkg.com/normalize-path/-/normalize-path-2.1.1.tgz#1ab28b556e198363a8c1a6f7e6fa20137fe6aed9"
  dependencies:
    remove-trailing-separator "^1.0.1"

object.omit@^2.0.0:
  version "2.0.1"
  resolved "https://registry.yarnpkg.com/object.omit/-/object.omit-2.0.1.tgz#1a9c744829f39dbb858c76ca3579ae2a54ebd1fa"
  dependencies:
    for-own "^0.1.4"
    is-extendable "^0.1.1"

omggif@^1.0.5:
  version "1.0.9"
  resolved "https://registry.yarnpkg.com/omggif/-/omggif-1.0.9.tgz#dcb7024dacd50c52b4d303f04802c91c057c765f"

once@^1.3.1, once@^1.4.0:
  version "1.4.0"
  resolved "https://registry.yarnpkg.com/once/-/once-1.4.0.tgz#583b1aa775961d4b113ac17d9c50baef9dd76bd1"
  dependencies:
    wrappy "1"

os-homedir@^1.0.2:
  version "1.0.2"
  resolved "https://registry.yarnpkg.com/os-homedir/-/os-homedir-1.0.2.tgz#ffbc4988336e0e833de0c168c7ef152121aa7fb3"

parse-glob@^3.0.4:
  version "3.0.4"
  resolved "https://registry.yarnpkg.com/parse-glob/-/parse-glob-3.0.4.tgz#b2c376cfb11f35513badd173ef0bb6e3a388391c"
  dependencies:
    glob-base "^0.3.0"
    is-dotfile "^1.0.0"
    is-extglob "^1.0.0"
    is-glob "^2.0.0"

pngjs@^2.0.0:
  version "2.3.1"
  resolved "https://registry.yarnpkg.com/pngjs/-/pngjs-2.3.1.tgz#11d1e12b9cb64d63e30c143a330f4c1f567da85f"

preserve@^0.2.0:
  version "0.2.0"
  resolved "https://registry.yarnpkg.com/preserve/-/preserve-0.2.0.tgz#815ed1f6ebc65926f865b310c0713bcb3315ce4b"

pretty-hash@^1.0.1:
  version "1.0.1"
  resolved "https://registry.yarnpkg.com/pretty-hash/-/pretty-hash-1.0.1.tgz#16e0579188def56bdb565892bcd05a5d65324807"

process-nextick-args@^1.0.7:
  version "1.0.7"
  resolved "https://registry.yarnpkg.com/process-nextick-args/-/process-nextick-args-1.0.7.tgz#150e20b756590ad3f91093f25a4f2ad8bff30ba3"

process-nextick-args@~2.0.0:
  version "2.0.0"
  resolved "https://registry.yarnpkg.com/process-nextick-args/-/process-nextick-args-2.0.0.tgz#a37d732f4271b4ab1ad070d35508e8290788ffaa"

protocol-buffers-encodings@^1.1.0:
  version "1.1.0"
  resolved "https://registry.yarnpkg.com/protocol-buffers-encodings/-/protocol-buffers-encodings-1.1.0.tgz#f3905631106669b85381bad47a336add7d206873"
  dependencies:
    signed-varint "^2.0.1"
    varint "^5.0.0"

pump@^3.0.0:
  version "3.0.0"
  resolved "https://registry.yarnpkg.com/pump/-/pump-3.0.0.tgz#b4a2116815bde2f4e1ea602354e8c75565107a64"
  dependencies:
    end-of-stream "^1.1.0"
    once "^1.3.1"

random-access-file@^2.0.1:
  version "2.0.1"
  resolved "https://registry.yarnpkg.com/random-access-file/-/random-access-file-2.0.1.tgz#dc22de79270e9a84cb36a2419b759725930dcaeb"
  dependencies:
    mkdirp "^0.5.1"
    random-access-storage "^1.1.1"

random-access-memory@^3.1.1:
  version "3.1.1"
  resolved "https://registry.yarnpkg.com/random-access-memory/-/random-access-memory-3.1.1.tgz#cb8516663a8a294b719c8363a6517c1dcb3e8392"
  dependencies:
    inherits "^2.0.3"
    is-options "^1.0.1"
    random-access-storage "^1.1.1"

random-access-storage@^1.1.1:
  version "1.3.0"
  resolved "https://registry.yarnpkg.com/random-access-storage/-/random-access-storage-1.3.0.tgz#d27e4d897b79dc4358afc2bbe553044e5c8cfe35"
  dependencies:
    inherits "^2.0.3"

randomatic@^3.0.0:
  version "3.1.1"
  resolved "https://registry.yarnpkg.com/randomatic/-/randomatic-3.1.1.tgz#b776efc59375984e36c537b2f51a1f0aff0da1ed"
  dependencies:
    is-number "^4.0.0"
    kind-of "^6.0.0"
    math-random "^1.0.1"

randombytes@^2.0.3, randombytes@^2.0.5:
  version "2.0.6"
  resolved "https://registry.yarnpkg.com/randombytes/-/randombytes-2.0.6.tgz#d302c522948588848a8d300c932b44c24231da80"
  dependencies:
    safe-buffer "^5.1.0"

range-parser@^1.2.0:
  version "1.2.0"
  resolved "https://registry.yarnpkg.com/range-parser/-/range-parser-1.2.0.tgz#f49be6b487894ddc40dcc94a322f611092e00d5e"

readable-stream@^2.0.0, readable-stream@^2.0.5, readable-stream@^2.1.4, readable-stream@^2.2.2, readable-stream@^2.2.6:
  version "2.3.6"
  resolved "https://registry.yarnpkg.com/readable-stream/-/readable-stream-2.3.6.tgz#b11c27d88b8ff1fbe070643cf94b0c79ae1b0aaf"
  dependencies:
    core-util-is "~1.0.0"
    inherits "~2.0.3"
    isarray "~1.0.0"
    process-nextick-args "~2.0.0"
    safe-buffer "~5.1.1"
    string_decoder "~1.1.1"
    util-deprecate "~1.0.1"

recursive-watch@^1.1.1:
  version "1.1.4"
  resolved "https://registry.yarnpkg.com/recursive-watch/-/recursive-watch-1.1.4.tgz#7a340f860dd715836a592f008cceba5a1dd0b734"
  dependencies:
    ttl "^1.3.0"

regex-cache@^0.4.2:
  version "0.4.4"
  resolved "https://registry.yarnpkg.com/regex-cache/-/regex-cache-0.4.4.tgz#75bdc58a2a1496cec48a12835bc54c8d562336dd"
  dependencies:
    is-equal-shallow "^0.1.3"

remove-trailing-separator@^1.0.1:
  version "1.1.0"
  resolved "https://registry.yarnpkg.com/remove-trailing-separator/-/remove-trailing-separator-1.1.0.tgz#c24bce2a283adad5bc3f58e0d48249b92379d8ef"

repeat-element@^1.1.2:
  version "1.1.3"
  resolved "https://registry.yarnpkg.com/repeat-element/-/repeat-element-1.1.3.tgz#782e0d825c0c5a3bb39731f84efee6b742e6b1ce"

repeat-string@^1.5.2:
  version "1.6.1"
  resolved "https://registry.yarnpkg.com/repeat-string/-/repeat-string-1.6.1.tgz#8dcae470e1c88abc2d600fff4a776286da75e637"

rusha@^0.8.1:
  version "0.8.13"
  resolved "https://registry.yarnpkg.com/rusha/-/rusha-0.8.13.tgz#9a084e7b860b17bff3015b92c67a6a336191513a"

safe-buffer@^5.0.1, safe-buffer@^5.1.0, safe-buffer@^5.1.1, safe-buffer@~5.1.0, safe-buffer@~5.1.1:
  version "5.1.2"
  resolved "https://registry.yarnpkg.com/safe-buffer/-/safe-buffer-5.1.2.tgz#991ec69d296e0313747d59bdfd2b745c35f8828d"

setimmediate@^1.0.5:
  version "1.0.5"
  resolved "https://registry.yarnpkg.com/setimmediate/-/setimmediate-1.0.5.tgz#290cbb232e306942d7d7ea9b83732ab7856f8285"

seventh@^0.7.18:
  version "0.7.18"
  resolved "https://registry.yarnpkg.com/seventh/-/seventh-0.7.18.tgz#6d42d6c1c47b5dadde813bc731a69a638b7c1b0a"
  dependencies:
    setimmediate "^1.0.5"

signed-varint@^2.0.1:
  version "2.0.1"
  resolved "https://registry.yarnpkg.com/signed-varint/-/signed-varint-2.0.1.tgz#50a9989da7c98c2c61dad119bc97470ef8528129"
  dependencies:
    varint "~5.0.0"

simple-concat@^1.0.0:
  version "1.0.0"
  resolved "https://registry.yarnpkg.com/simple-concat/-/simple-concat-1.0.0.tgz#7344cbb8b6e26fb27d66b2fc86f9f6d5997521c6"

simple-get@^3.0.3:
  version "3.0.3"
  resolved "https://registry.yarnpkg.com/simple-get/-/simple-get-3.0.3.tgz#924528ac3f9d7718ce5e9ec1b1a69c0be4d62efa"
  dependencies:
    decompress-response "^3.3.0"
    once "^1.3.1"
    simple-concat "^1.0.0"

simple-sha1@^2.1.0:
  version "2.1.1"
  resolved "https://registry.yarnpkg.com/simple-sha1/-/simple-sha1-2.1.1.tgz#93f3b7f2e8dfdc056c32793e5d47b58d311b140d"
  dependencies:
    rusha "^0.8.1"

siphash24@^1.0.1:
  version "1.1.1"
  resolved "https://registry.yarnpkg.com/siphash24/-/siphash24-1.1.1.tgz#94ad021a2b2c62de381b546ee02df0cf778acd50"
  dependencies:
    nanoassert "^1.0.0"

sodium-javascript@~0.5.0:
  version "0.5.5"
  resolved "https://registry.yarnpkg.com/sodium-javascript/-/sodium-javascript-0.5.5.tgz#40b7b530390931f45164173582dca51d4e37e84d"
  dependencies:
    blake2b "^2.1.1"
    nanoassert "^1.0.0"
    siphash24 "^1.0.1"
    xsalsa20 "^1.0.0"

sodium-native@^2.0.0:
  version "2.2.4"
  resolved "https://registry.yarnpkg.com/sodium-native/-/sodium-native-2.2.4.tgz#ef341da82e1e2311bb527a2c73dfbcc819fc18bc"
  dependencies:
    ini "^1.3.5"
    nan "^2.4.0"
    node-gyp-build "^3.0.0"

sodium-universal@^2.0.0:
  version "2.0.0"
  resolved "https://registry.yarnpkg.com/sodium-universal/-/sodium-universal-2.0.0.tgz#cfb4e1a9c4afece4382b2c23c53439b443bd2af3"
  dependencies:
    sodium-javascript "~0.5.0"
  optionalDependencies:
    sodium-native "^2.0.0"

sorted-array-functions@^1.0.0:
  version "1.2.0"
  resolved "https://registry.yarnpkg.com/sorted-array-functions/-/sorted-array-functions-1.2.0.tgz#43265b21d6e985b7df31621b1c11cc68d8efc7c3"

sorted-indexof@^1.0.0:
  version "1.0.0"
  resolved "https://registry.yarnpkg.com/sorted-indexof/-/sorted-indexof-1.0.0.tgz#17c742ff7cf187e2f59a15df9b81f17a62ce0899"

sparse-bitfield@^3.0.0, sparse-bitfield@^3.0.3:
  version "3.0.3"
  resolved "https://registry.yarnpkg.com/sparse-bitfield/-/sparse-bitfield-3.0.3.tgz#ff4ae6e68656056ba4b3e792ab3334d38273ca11"
  dependencies:
    memory-pager "^1.0.2"

speedometer@^1.0.0, speedometer@^1.1.0:
  version "1.1.0"
  resolved "https://registry.yarnpkg.com/speedometer/-/speedometer-1.1.0.tgz#a30b13abda45687a1a76977012c060f2ac8a7934"

stream-collector@^1.0.1:
  version "1.0.1"
  resolved "https://registry.yarnpkg.com/stream-collector/-/stream-collector-1.0.1.tgz#4d4e55f171356121b2c5f6559f944705ab28db15"
  dependencies:
    once "^1.3.1"

stream-each@^1.2.0, stream-each@^1.2.3:
  version "1.2.3"
  resolved "https://registry.yarnpkg.com/stream-each/-/stream-each-1.2.3.tgz#ebe27a0c389b04fbcc233642952e10731afa9bae"
  dependencies:
    end-of-stream "^1.1.0"
    stream-shift "^1.0.0"

stream-shift@^1.0.0:
  version "1.0.0"
  resolved "https://registry.yarnpkg.com/stream-shift/-/stream-shift-1.0.0.tgz#d5c752825e5367e786f78e18e445ea223a155952"

string-kit@^0.9.0:
  version "0.9.0"
  resolved "https://registry.yarnpkg.com/string-kit/-/string-kit-0.9.0.tgz#b83c84ebb6a73adcf573518160d990ba67d334f3"

string_decoder@~1.1.1:
  version "1.1.1"
  resolved "https://registry.yarnpkg.com/string_decoder/-/string_decoder-1.1.1.tgz#9cf1611ba62685d7030ae9e4ba34149c3af03fc8"
  dependencies:
    safe-buffer "~5.1.0"

terminal-kit@^1.26.10:
  version "1.26.10"
  resolved "https://registry.yarnpkg.com/terminal-kit/-/terminal-kit-1.26.10.tgz#a76309fe675bb6a3446acdb49c7122daa17d5d0b"
  dependencies:
    "@cronvel/get-pixels" "^3.3.1"
    lazyness "^1.1.1"
    ndarray "^1.0.18"
    nextgen-events "^1.1.0"
    seventh "^0.7.18"
    string-kit "^0.9.0"
    tree-kit "^0.6.0"

test-value@^3.0.0:
  version "3.0.0"
  resolved "https://registry.yarnpkg.com/test-value/-/test-value-3.0.0.tgz#9168c062fab11a86b8d444dd968bb4b73851ce92"
  dependencies:
    array-back "^2.0.0"
    typical "^2.6.1"

"through@>=2.2.7 <3":
  version "2.3.8"
  resolved "https://registry.yarnpkg.com/through/-/through-2.3.8.tgz#0dd4c9ffaabc357960b1b724115d7e0e86a2e1f5"

thunky@^0.1.0:
  version "0.1.0"
  resolved "https://registry.yarnpkg.com/thunky/-/thunky-0.1.0.tgz#bf30146824e2b6e67b0f2d7a4ac8beb26908684e"

thunky@^1.0.1, thunky@^1.0.2:
  version "1.0.3"
  resolved "https://registry.yarnpkg.com/thunky/-/thunky-1.0.3.tgz#f5df732453407b09191dae73e2a8cc73f381a826"

to-buffer@^1.0.1:
  version "1.1.1"
  resolved "https://registry.yarnpkg.com/to-buffer/-/to-buffer-1.1.1.tgz#493bd48f62d7c43fcded313a03dcadb2e1213a80"

tree-kit@^0.6.0:
  version "0.6.0"
  resolved "https://registry.yarnpkg.com/tree-kit/-/tree-kit-0.6.0.tgz#22d750c3031e068da24f64426a105a53206e692c"

ttl@^1.3.0:
  version "1.3.1"
  resolved "https://registry.yarnpkg.com/ttl/-/ttl-1.3.1.tgz#d8fa510bedb6a956d85b60ec56a57339ae0d5b2c"

typedarray@^0.0.6:
  version "0.0.6"
  resolved "https://registry.yarnpkg.com/typedarray/-/typedarray-0.0.6.tgz#867ac74e3864187b1d3d47d996a78ec5c8830777"

typical@^2.6.1:
  version "2.6.1"
  resolved "https://registry.yarnpkg.com/typical/-/typical-2.6.1.tgz#5c080e5d661cbbe38259d2e70a3c7253e873881d"

uint64be@^2.0.1, uint64be@^2.0.2:
  version "2.0.2"
  resolved "https://registry.yarnpkg.com/uint64be/-/uint64be-2.0.2.tgz#ef4a179752fe8f9ddaa29544ecfc13490031e8e5"
  dependencies:
    buffer-alloc "^1.1.0"

uniq@^1.0.0:
  version "1.0.1"
  resolved "https://registry.yarnpkg.com/uniq/-/uniq-1.0.1.tgz#b31c5ae8254844a3a8281541ce2b04b865a734ff"

unixify@^1.0.0:
  version "1.0.0"
  resolved "https://registry.yarnpkg.com/unixify/-/unixify-1.0.0.tgz#3a641c8c2ffbce4da683a5c70f03a462940c2090"
  dependencies:
    normalize-path "^2.1.1"

unordered-array-remove@^1.0.2:
  version "1.0.2"
  resolved "https://registry.yarnpkg.com/unordered-array-remove/-/unordered-array-remove-1.0.2.tgz#c546e8f88e317a0cf2644c97ecb57dba66d250ef"

unordered-set@^1.1.0:
  version "1.1.0"
  resolved "https://registry.yarnpkg.com/unordered-set/-/unordered-set-1.1.0.tgz#2ba7ef316edd0b9590cc547c74f76a2f164fecca"

unordered-set@^2.0.0:
  version "2.0.1"
  resolved "https://registry.yarnpkg.com/unordered-set/-/unordered-set-2.0.1.tgz#4cd0fe27b8814bcf5d6073e5f0966ec7a50841e6"

untildify@^3.0.2:
  version "3.0.3"
  resolved "https://registry.yarnpkg.com/untildify/-/untildify-3.0.3.tgz#1e7b42b140bcfd922b22e70ca1265bfe3634c7c9"

util-deprecate@~1.0.1:
  version "1.0.2"
  resolved "https://registry.yarnpkg.com/util-deprecate/-/util-deprecate-1.0.2.tgz#450d4dc9fa70de732762fbd2d4a28981419a0ccf"

utp-native@^1.7.2:
  version "1.7.3"
  resolved "https://registry.yarnpkg.com/utp-native/-/utp-native-1.7.3.tgz#c829724995bfcd9dfb3027389e5c0bf8ddaa0bf2"
  dependencies:
    nan "^2.5.1"
    node-gyp-build "^3.0.0"
    readable-stream "^2.2.2"

uuid@^3.2.1:
  version "3.3.2"
  resolved "https://registry.yarnpkg.com/uuid/-/uuid-3.3.2.tgz#1b4af4955eb3077c501c23872fc6513811587131"

varint@^3.0.1:
  version "3.0.1"
  resolved "https://registry.yarnpkg.com/varint/-/varint-3.0.1.tgz#9d3f53e036c0ab12000a74bc2d24cbf093a581d9"

varint@^4.0.0:
  version "4.0.1"
  resolved "https://registry.yarnpkg.com/varint/-/varint-4.0.1.tgz#490829b942d248463b2b35097995c3bf737198e9"

varint@^5.0.0, varint@~5.0.0:
  version "5.0.0"
  resolved "https://registry.yarnpkg.com/varint/-/varint-5.0.0.tgz#d826b89f7490732fabc0c0ed693ed475dcb29ebf"

wrappy@1:
  version "1.0.2"
  resolved "https://registry.yarnpkg.com/wrappy/-/wrappy-1.0.2.tgz#b5243d8f3ec1aa35f1364605bc0d1036e30ab69f"

xsalsa20@^1.0.0:
  version "1.0.2"
  resolved "https://registry.yarnpkg.com/xsalsa20/-/xsalsa20-1.0.2.tgz#46cc53439d543d88782e42dfada5c5a69ab6314d"

xtend@^4.0.1:
  version "4.0.1"
  resolved "https://registry.yarnpkg.com/xtend/-/xtend-4.0.1.tgz#a5c6d532be656e23db820efb943a1f04998d63af"
